// !$*UTF8*$!
{
	archiveVersion = 1;
	classes = {
	};
	objectVersion = 51;
	objects = {

/* Begin PBXBuildFile section */
		034CF425557667B90EC06CF4 /* Pods_GitHubReposList_GitHubReposListUITests.framework in Frameworks */ = {isa = PBXBuildFile; fileRef = DBA3526A61685603C0DCD818 /* Pods_GitHubReposList_GitHubReposListUITests.framework */; };
		05414169535CB47134428A4E /* Pods_GitHubReposList.framework in Frameworks */ = {isa = PBXBuildFile; fileRef = F026E3B5FB58BB01ED0BC951 /* Pods_GitHubReposList.framework */; };
		78995E7A21507A5F2F010076 /* Pods_GitHubReposList_GitHubReposListTests.framework in Frameworks */ = {isa = PBXBuildFile; fileRef = B54F7E6C365A3E92F4BDB8FF /* Pods_GitHubReposList_GitHubReposListTests.framework */; };
		BE06420B23FB3BA800115F79 /* AppDelegate.swift in Sources */ = {isa = PBXBuildFile; fileRef = BE06420A23FB3BA800115F79 /* AppDelegate.swift */; };
		BE06420D23FB3BA800115F79 /* SceneDelegate.swift in Sources */ = {isa = PBXBuildFile; fileRef = BE06420C23FB3BA800115F79 /* SceneDelegate.swift */; };
		BE06420F23FB3BA800115F79 /* ReposViewController.swift in Sources */ = {isa = PBXBuildFile; fileRef = BE06420E23FB3BA800115F79 /* ReposViewController.swift */; };
		BE06421223FB3BA800115F79 /* Main.storyboard in Resources */ = {isa = PBXBuildFile; fileRef = BE06421023FB3BA800115F79 /* Main.storyboard */; };
		BE06421423FB3BAA00115F79 /* Assets.xcassets in Resources */ = {isa = PBXBuildFile; fileRef = BE06421323FB3BAA00115F79 /* Assets.xcassets */; };
		BE06421723FB3BAA00115F79 /* LaunchScreen.storyboard in Resources */ = {isa = PBXBuildFile; fileRef = BE06421523FB3BAA00115F79 /* LaunchScreen.storyboard */; };
		BE06422223FB3BAA00115F79 /* GitHubReposListTests.swift in Sources */ = {isa = PBXBuildFile; fileRef = BE06422123FB3BAA00115F79 /* GitHubReposListTests.swift */; };
		BE06422D23FB3BAA00115F79 /* GitHubReposListUITests.swift in Sources */ = {isa = PBXBuildFile; fileRef = BE06422C23FB3BAA00115F79 /* GitHubReposListUITests.swift */; };
		BE06423C23FB3F1600115F79 /* ReposModel.swift in Sources */ = {isa = PBXBuildFile; fileRef = BE06423B23FB3F1600115F79 /* ReposModel.swift */; };
		BE06423F23FB410300115F79 /* Repos.swift in Sources */ = {isa = PBXBuildFile; fileRef = BE06423E23FB410300115F79 /* Repos.swift */; };
		BE06424223FB5CF600115F79 /* ReposViewCell.swift in Sources */ = {isa = PBXBuildFile; fileRef = BE06424123FB5CF600115F79 /* ReposViewCell.swift */; };
		BE06424423FB5D7800115F79 /* ReposView.swift in Sources */ = {isa = PBXBuildFile; fileRef = BE06424323FB5D7800115F79 /* ReposView.swift */; };
		BE06424623FC0E1B00115F79 /* LoadingViewCell.swift in Sources */ = {isa = PBXBuildFile; fileRef = BE06424523FC0E1B00115F79 /* LoadingViewCell.swift */; };
		BE4357AA23FE132F0091440D /* Const.swift in Sources */ = {isa = PBXBuildFile; fileRef = BE4357A923FE132F0091440D /* Const.swift */; };
		BE4357AD23FE16A10091440D /* Localizable.strings in Resources */ = {isa = PBXBuildFile; fileRef = BE4357AF23FE16A10091440D /* Localizable.strings */; };
/* End PBXBuildFile section */

/* Begin PBXContainerItemProxy section */
		BE06421E23FB3BAA00115F79 /* PBXContainerItemProxy */ = {
			isa = PBXContainerItemProxy;
			containerPortal = BE0641FF23FB3BA800115F79 /* Project object */;
			proxyType = 1;
			remoteGlobalIDString = BE06420623FB3BA800115F79;
			remoteInfo = GitHubReposList;
		};
		BE06422923FB3BAA00115F79 /* PBXContainerItemProxy */ = {
			isa = PBXContainerItemProxy;
			containerPortal = BE0641FF23FB3BA800115F79 /* Project object */;
			proxyType = 1;
			remoteGlobalIDString = BE06420623FB3BA800115F79;
			remoteInfo = GitHubReposList;
		};
/* End PBXContainerItemProxy section */

/* Begin PBXFileReference section */
		081C642A364E7A746904CAE5 /* Pods-GitHubReposList.release.xcconfig */ = {isa = PBXFileReference; includeInIndex = 1; lastKnownFileType = text.xcconfig; name = "Pods-GitHubReposList.release.xcconfig"; path = "Target Support Files/Pods-GitHubReposList/Pods-GitHubReposList.release.xcconfig"; sourceTree = "<group>"; };
		0DBDB2234F830256FC8B7288 /* Pods-GitHubReposList-GitHubReposListTests.debug.xcconfig */ = {isa = PBXFileReference; includeInIndex = 1; lastKnownFileType = text.xcconfig; name = "Pods-GitHubReposList-GitHubReposListTests.debug.xcconfig"; path = "Target Support Files/Pods-GitHubReposList-GitHubReposListTests/Pods-GitHubReposList-GitHubReposListTests.debug.xcconfig"; sourceTree = "<group>"; };
		4E8F60A9F5B4281E7889A834 /* Pods-GitHubReposList-GitHubReposListTests.release.xcconfig */ = {isa = PBXFileReference; includeInIndex = 1; lastKnownFileType = text.xcconfig; name = "Pods-GitHubReposList-GitHubReposListTests.release.xcconfig"; path = "Target Support Files/Pods-GitHubReposList-GitHubReposListTests/Pods-GitHubReposList-GitHubReposListTests.release.xcconfig"; sourceTree = "<group>"; };
		594609AC93AAD36876520CF6 /* Pods-GitHubReposListTests.debug.xcconfig */ = {isa = PBXFileReference; includeInIndex = 1; lastKnownFileType = text.xcconfig; name = "Pods-GitHubReposListTests.debug.xcconfig"; path = "Target Support Files/Pods-GitHubReposListTests/Pods-GitHubReposListTests.debug.xcconfig"; sourceTree = "<group>"; };
		B54F7E6C365A3E92F4BDB8FF /* Pods_GitHubReposList_GitHubReposListTests.framework */ = {isa = PBXFileReference; explicitFileType = wrapper.framework; includeInIndex = 0; path = Pods_GitHubReposList_GitHubReposListTests.framework; sourceTree = BUILT_PRODUCTS_DIR; };
		BA7F53D4E333FD39EBB59A16 /* Pods-GitHubReposList.debug.xcconfig */ = {isa = PBXFileReference; includeInIndex = 1; lastKnownFileType = text.xcconfig; name = "Pods-GitHubReposList.debug.xcconfig"; path = "Target Support Files/Pods-GitHubReposList/Pods-GitHubReposList.debug.xcconfig"; sourceTree = "<group>"; };
		BE06420723FB3BA800115F79 /* GitHubReposList.app */ = {isa = PBXFileReference; explicitFileType = wrapper.application; includeInIndex = 0; path = GitHubReposList.app; sourceTree = BUILT_PRODUCTS_DIR; };
		BE06420A23FB3BA800115F79 /* AppDelegate.swift */ = {isa = PBXFileReference; lastKnownFileType = sourcecode.swift; path = AppDelegate.swift; sourceTree = "<group>"; };
		BE06420C23FB3BA800115F79 /* SceneDelegate.swift */ = {isa = PBXFileReference; lastKnownFileType = sourcecode.swift; path = SceneDelegate.swift; sourceTree = "<group>"; };
		BE06420E23FB3BA800115F79 /* ReposViewController.swift */ = {isa = PBXFileReference; lastKnownFileType = sourcecode.swift; path = ReposViewController.swift; sourceTree = "<group>"; };
		BE06421123FB3BA800115F79 /* Base */ = {isa = PBXFileReference; lastKnownFileType = file.storyboard; name = Base; path = Base.lproj/Main.storyboard; sourceTree = "<group>"; };
		BE06421323FB3BAA00115F79 /* Assets.xcassets */ = {isa = PBXFileReference; lastKnownFileType = folder.assetcatalog; path = Assets.xcassets; sourceTree = "<group>"; };
		BE06421623FB3BAA00115F79 /* Base */ = {isa = PBXFileReference; lastKnownFileType = file.storyboard; name = Base; path = Base.lproj/LaunchScreen.storyboard; sourceTree = "<group>"; };
		BE06421823FB3BAA00115F79 /* Info.plist */ = {isa = PBXFileReference; lastKnownFileType = text.plist.xml; path = Info.plist; sourceTree = "<group>"; };
		BE06421D23FB3BAA00115F79 /* GitHubReposListTests.xctest */ = {isa = PBXFileReference; explicitFileType = wrapper.cfbundle; includeInIndex = 0; path = GitHubReposListTests.xctest; sourceTree = BUILT_PRODUCTS_DIR; };
		BE06422123FB3BAA00115F79 /* GitHubReposListTests.swift */ = {isa = PBXFileReference; lastKnownFileType = sourcecode.swift; path = GitHubReposListTests.swift; sourceTree = "<group>"; };
		BE06422323FB3BAA00115F79 /* Info.plist */ = {isa = PBXFileReference; lastKnownFileType = text.plist.xml; path = Info.plist; sourceTree = "<group>"; };
		BE06422823FB3BAA00115F79 /* GitHubReposListUITests.xctest */ = {isa = PBXFileReference; explicitFileType = wrapper.cfbundle; includeInIndex = 0; path = GitHubReposListUITests.xctest; sourceTree = BUILT_PRODUCTS_DIR; };
		BE06422C23FB3BAA00115F79 /* GitHubReposListUITests.swift */ = {isa = PBXFileReference; lastKnownFileType = sourcecode.swift; path = GitHubReposListUITests.swift; sourceTree = "<group>"; };
		BE06422E23FB3BAA00115F79 /* Info.plist */ = {isa = PBXFileReference; lastKnownFileType = text.plist.xml; path = Info.plist; sourceTree = "<group>"; };
		BE06423B23FB3F1600115F79 /* ReposModel.swift */ = {isa = PBXFileReference; lastKnownFileType = sourcecode.swift; path = ReposModel.swift; sourceTree = "<group>"; };
		BE06423E23FB410300115F79 /* Repos.swift */ = {isa = PBXFileReference; lastKnownFileType = sourcecode.swift; path = Repos.swift; sourceTree = "<group>"; };
		BE06424123FB5CF600115F79 /* ReposViewCell.swift */ = {isa = PBXFileReference; lastKnownFileType = sourcecode.swift; path = ReposViewCell.swift; sourceTree = "<group>"; };
		BE06424323FB5D7800115F79 /* ReposView.swift */ = {isa = PBXFileReference; lastKnownFileType = sourcecode.swift; path = ReposView.swift; sourceTree = "<group>"; };
		BE06424523FC0E1B00115F79 /* LoadingViewCell.swift */ = {isa = PBXFileReference; lastKnownFileType = sourcecode.swift; path = LoadingViewCell.swift; sourceTree = "<group>"; };
		BE4357A923FE132F0091440D /* Const.swift */ = {isa = PBXFileReference; lastKnownFileType = sourcecode.swift; path = Const.swift; sourceTree = "<group>"; };
		BE4357AE23FE16A10091440D /* en */ = {isa = PBXFileReference; lastKnownFileType = text.plist.strings; name = en; path = en.lproj/Localizable.strings; sourceTree = "<group>"; };
		DBA3526A61685603C0DCD818 /* Pods_GitHubReposList_GitHubReposListUITests.framework */ = {isa = PBXFileReference; explicitFileType = wrapper.framework; includeInIndex = 0; path = Pods_GitHubReposList_GitHubReposListUITests.framework; sourceTree = BUILT_PRODUCTS_DIR; };
		E2CF11D2069D2C43A28AF712 /* Pods-GitHubReposList-GitHubReposListUITests.release.xcconfig */ = {isa = PBXFileReference; includeInIndex = 1; lastKnownFileType = text.xcconfig; name = "Pods-GitHubReposList-GitHubReposListUITests.release.xcconfig"; path = "Target Support Files/Pods-GitHubReposList-GitHubReposListUITests/Pods-GitHubReposList-GitHubReposListUITests.release.xcconfig"; sourceTree = "<group>"; };
		F026E3B5FB58BB01ED0BC951 /* Pods_GitHubReposList.framework */ = {isa = PBXFileReference; explicitFileType = wrapper.framework; includeInIndex = 0; path = Pods_GitHubReposList.framework; sourceTree = BUILT_PRODUCTS_DIR; };
		F9C2DA57ECC0CB54B3EF1AFC /* Pods-GitHubReposList-GitHubReposListUITests.debug.xcconfig */ = {isa = PBXFileReference; includeInIndex = 1; lastKnownFileType = text.xcconfig; name = "Pods-GitHubReposList-GitHubReposListUITests.debug.xcconfig"; path = "Target Support Files/Pods-GitHubReposList-GitHubReposListUITests/Pods-GitHubReposList-GitHubReposListUITests.debug.xcconfig"; sourceTree = "<group>"; };
		FA56B6635BD0ED6799D0268C /* Pods-GitHubReposListTests.release.xcconfig */ = {isa = PBXFileReference; includeInIndex = 1; lastKnownFileType = text.xcconfig; name = "Pods-GitHubReposListTests.release.xcconfig"; path = "Target Support Files/Pods-GitHubReposListTests/Pods-GitHubReposListTests.release.xcconfig"; sourceTree = "<group>"; };
/* End PBXFileReference section */

/* Begin PBXFrameworksBuildPhase section */
		BE06420423FB3BA800115F79 /* Frameworks */ = {
			isa = PBXFrameworksBuildPhase;
			buildActionMask = 2147483647;
			files = (
				05414169535CB47134428A4E /* Pods_GitHubReposList.framework in Frameworks */,
			);
			runOnlyForDeploymentPostprocessing = 0;
		};
		BE06421A23FB3BAA00115F79 /* Frameworks */ = {
			isa = PBXFrameworksBuildPhase;
			buildActionMask = 2147483647;
			files = (
				78995E7A21507A5F2F010076 /* Pods_GitHubReposList_GitHubReposListTests.framework in Frameworks */,
			);
			runOnlyForDeploymentPostprocessing = 0;
		};
		BE06422523FB3BAA00115F79 /* Frameworks */ = {
			isa = PBXFrameworksBuildPhase;
			buildActionMask = 2147483647;
			files = (
				034CF425557667B90EC06CF4 /* Pods_GitHubReposList_GitHubReposListUITests.framework in Frameworks */,
			);
			runOnlyForDeploymentPostprocessing = 0;
		};
/* End PBXFrameworksBuildPhase section */

/* Begin PBXGroup section */
		2211BDF850CD82617D506185 /* Frameworks */ = {
			isa = PBXGroup;
			children = (
				F026E3B5FB58BB01ED0BC951 /* Pods_GitHubReposList.framework */,
				DBA3526A61685603C0DCD818 /* Pods_GitHubReposList_GitHubReposListUITests.framework */,
				B54F7E6C365A3E92F4BDB8FF /* Pods_GitHubReposList_GitHubReposListTests.framework */,
			);
			name = Frameworks;
			sourceTree = "<group>";
		};
		BE0641FE23FB3BA800115F79 = {
			isa = PBXGroup;
			children = (
				BE06420923FB3BA800115F79 /* GitHubReposList */,
				BE06422023FB3BAA00115F79 /* GitHubReposListTests */,
				BE06422B23FB3BAA00115F79 /* GitHubReposListUITests */,
				BE06420823FB3BA800115F79 /* Products */,
				F91BEA305BAA8FFAC80BCEB1 /* Pods */,
				2211BDF850CD82617D506185 /* Frameworks */,
			);
			sourceTree = "<group>";
		};
		BE06420823FB3BA800115F79 /* Products */ = {
			isa = PBXGroup;
			children = (
				BE06420723FB3BA800115F79 /* GitHubReposList.app */,
				BE06421D23FB3BAA00115F79 /* GitHubReposListTests.xctest */,
				BE06422823FB3BAA00115F79 /* GitHubReposListUITests.xctest */,
			);
			name = Products;
			sourceTree = "<group>";
		};
		BE06420923FB3BA800115F79 /* GitHubReposList */ = {
			isa = PBXGroup;
			children = (
				BE06424023FB5CDC00115F79 /* Views */,
				BE06423D23FB40F700115F79 /* Beans */,
				BE06423A23FB3EEC00115F79 /* Models */,
				BE06420A23FB3BA800115F79 /* AppDelegate.swift */,
				BE06420C23FB3BA800115F79 /* SceneDelegate.swift */,
				BE06420E23FB3BA800115F79 /* ReposViewController.swift */,
				BE06421023FB3BA800115F79 /* Main.storyboard */,
				BE06421323FB3BAA00115F79 /* Assets.xcassets */,
				BE06421523FB3BAA00115F79 /* LaunchScreen.storyboard */,
				BE06421823FB3BAA00115F79 /* Info.plist */,
				BE4357A923FE132F0091440D /* Const.swift */,
				BE4357AF23FE16A10091440D /* Localizable.strings */,
			);
			path = GitHubReposList;
			sourceTree = "<group>";
		};
		BE06422023FB3BAA00115F79 /* GitHubReposListTests */ = {
			isa = PBXGroup;
			children = (
				BE06422123FB3BAA00115F79 /* GitHubReposListTests.swift */,
				BE06422323FB3BAA00115F79 /* Info.plist */,
			);
			path = GitHubReposListTests;
			sourceTree = "<group>";
		};
		BE06422B23FB3BAA00115F79 /* GitHubReposListUITests */ = {
			isa = PBXGroup;
			children = (
				BE06422C23FB3BAA00115F79 /* GitHubReposListUITests.swift */,
				BE06422E23FB3BAA00115F79 /* Info.plist */,
			);
			path = GitHubReposListUITests;
			sourceTree = "<group>";
		};
		BE06423A23FB3EEC00115F79 /* Models */ = {
			isa = PBXGroup;
			children = (
				BE06423B23FB3F1600115F79 /* ReposModel.swift */,
			);
			path = Models;
			sourceTree = "<group>";
		};
		BE06423D23FB40F700115F79 /* Beans */ = {
			isa = PBXGroup;
			children = (
				BE06423E23FB410300115F79 /* Repos.swift */,
			);
			path = Beans;
			sourceTree = "<group>";
		};
		BE06424023FB5CDC00115F79 /* Views */ = {
			isa = PBXGroup;
			children = (
				BE06424123FB5CF600115F79 /* ReposViewCell.swift */,
				BE06424523FC0E1B00115F79 /* LoadingViewCell.swift */,
				BE06424323FB5D7800115F79 /* ReposView.swift */,
			);
			path = Views;
			sourceTree = "<group>";
		};
		F91BEA305BAA8FFAC80BCEB1 /* Pods */ = {
			isa = PBXGroup;
			children = (
				BA7F53D4E333FD39EBB59A16 /* Pods-GitHubReposList.debug.xcconfig */,
				081C642A364E7A746904CAE5 /* Pods-GitHubReposList.release.xcconfig */,
				F9C2DA57ECC0CB54B3EF1AFC /* Pods-GitHubReposList-GitHubReposListUITests.debug.xcconfig */,
				E2CF11D2069D2C43A28AF712 /* Pods-GitHubReposList-GitHubReposListUITests.release.xcconfig */,
				594609AC93AAD36876520CF6 /* Pods-GitHubReposListTests.debug.xcconfig */,
				FA56B6635BD0ED6799D0268C /* Pods-GitHubReposListTests.release.xcconfig */,
				0DBDB2234F830256FC8B7288 /* Pods-GitHubReposList-GitHubReposListTests.debug.xcconfig */,
				4E8F60A9F5B4281E7889A834 /* Pods-GitHubReposList-GitHubReposListTests.release.xcconfig */,
			);
			path = Pods;
			sourceTree = "<group>";
		};
/* End PBXGroup section */

/* Begin PBXNativeTarget section */
		BE06420623FB3BA800115F79 /* GitHubReposList */ = {
			isa = PBXNativeTarget;
			buildConfigurationList = BE06423123FB3BAA00115F79 /* Build configuration list for PBXNativeTarget "GitHubReposList" */;
			buildPhases = (
				59DEE16F79835605F8ABD15A /* [CP] Check Pods Manifest.lock */,
				BE06420323FB3BA800115F79 /* Sources */,
				BE06420423FB3BA800115F79 /* Frameworks */,
				BE06420523FB3BA800115F79 /* Resources */,
				FE3E9D50A126A544045E58A6 /* [CP] Embed Pods Frameworks */,
			);
			buildRules = (
			);
			dependencies = (
			);
			name = GitHubReposList;
			productName = GitHubReposList;
			productReference = BE06420723FB3BA800115F79 /* GitHubReposList.app */;
			productType = "com.apple.product-type.application";
		};
		BE06421C23FB3BAA00115F79 /* GitHubReposListTests */ = {
			isa = PBXNativeTarget;
			buildConfigurationList = BE06423423FB3BAA00115F79 /* Build configuration list for PBXNativeTarget "GitHubReposListTests" */;
			buildPhases = (
				3834B6B6AD89A2350D718D67 /* [CP] Check Pods Manifest.lock */,
				BE06421923FB3BAA00115F79 /* Sources */,
				BE06421A23FB3BAA00115F79 /* Frameworks */,
				BE06421B23FB3BAA00115F79 /* Resources */,
				F2F8F58B40B78ECFD0BF304B /* [CP] Embed Pods Frameworks */,
			);
			buildRules = (
			);
			dependencies = (
				BE06421F23FB3BAA00115F79 /* PBXTargetDependency */,
			);
			name = GitHubReposListTests;
			productName = GitHubReposListTests;
			productReference = BE06421D23FB3BAA00115F79 /* GitHubReposListTests.xctest */;
			productType = "com.apple.product-type.bundle.unit-test";
		};
		BE06422723FB3BAA00115F79 /* GitHubReposListUITests */ = {
			isa = PBXNativeTarget;
			buildConfigurationList = BE06423723FB3BAA00115F79 /* Build configuration list for PBXNativeTarget "GitHubReposListUITests" */;
			buildPhases = (
				D91779A245493C7F33783E82 /* [CP] Check Pods Manifest.lock */,
				BE06422423FB3BAA00115F79 /* Sources */,
				BE06422523FB3BAA00115F79 /* Frameworks */,
				BE06422623FB3BAA00115F79 /* Resources */,
				262355AC39B64F0E55EC6465 /* [CP] Embed Pods Frameworks */,
			);
			buildRules = (
			);
			dependencies = (
				BE06422A23FB3BAA00115F79 /* PBXTargetDependency */,
			);
			name = GitHubReposListUITests;
			productName = GitHubReposListUITests;
			productReference = BE06422823FB3BAA00115F79 /* GitHubReposListUITests.xctest */;
			productType = "com.apple.product-type.bundle.ui-testing";
		};
/* End PBXNativeTarget section */

/* Begin PBXProject section */
		BE0641FF23FB3BA800115F79 /* Project object */ = {
			isa = PBXProject;
			attributes = {
				LastSwiftUpdateCheck = 1130;
				LastUpgradeCheck = 1130;
				ORGANIZATIONNAME = Zenha;
				TargetAttributes = {
					BE06420623FB3BA800115F79 = {
						CreatedOnToolsVersion = 11.3.1;
					};
					BE06421C23FB3BAA00115F79 = {
						CreatedOnToolsVersion = 11.3.1;
						TestTargetID = BE06420623FB3BA800115F79;
					};
					BE06422723FB3BAA00115F79 = {
						CreatedOnToolsVersion = 11.3.1;
						TestTargetID = BE06420623FB3BA800115F79;
					};
				};
			};
			buildConfigurationList = BE06420223FB3BA800115F79 /* Build configuration list for PBXProject "GitHubReposList" */;
			compatibilityVersion = "Xcode 9.3";
			developmentRegion = en;
			hasScannedForEncodings = 0;
			knownRegions = (
				en,
				Base,
			);
			mainGroup = BE0641FE23FB3BA800115F79;
			productRefGroup = BE06420823FB3BA800115F79 /* Products */;
			projectDirPath = "";
			projectRoot = "";
			targets = (
				BE06420623FB3BA800115F79 /* GitHubReposList */,
				BE06421C23FB3BAA00115F79 /* GitHubReposListTests */,
				BE06422723FB3BAA00115F79 /* GitHubReposListUITests */,
			);
		};
/* End PBXProject section */

/* Begin PBXResourcesBuildPhase section */
		BE06420523FB3BA800115F79 /* Resources */ = {
			isa = PBXResourcesBuildPhase;
			buildActionMask = 2147483647;
			files = (
				BE06421723FB3BAA00115F79 /* LaunchScreen.storyboard in Resources */,
				BE4357AD23FE16A10091440D /* Localizable.strings in Resources */,
				BE06421423FB3BAA00115F79 /* Assets.xcassets in Resources */,
				BE06421223FB3BA800115F79 /* Main.storyboard in Resources */,
			);
			runOnlyForDeploymentPostprocessing = 0;
		};
		BE06421B23FB3BAA00115F79 /* Resources */ = {
			isa = PBXResourcesBuildPhase;
			buildActionMask = 2147483647;
			files = (
			);
			runOnlyForDeploymentPostprocessing = 0;
		};
		BE06422623FB3BAA00115F79 /* Resources */ = {
			isa = PBXResourcesBuildPhase;
			buildActionMask = 2147483647;
			files = (
			);
			runOnlyForDeploymentPostprocessing = 0;
		};
/* End PBXResourcesBuildPhase section */

/* Begin PBXShellScriptBuildPhase section */
		262355AC39B64F0E55EC6465 /* [CP] Embed Pods Frameworks */ = {
			isa = PBXShellScriptBuildPhase;
			buildActionMask = 2147483647;
			files = (
			);
			inputFileListPaths = (
				"${PODS_ROOT}/Target Support Files/Pods-GitHubReposList-GitHubReposListUITests/Pods-GitHubReposList-GitHubReposListUITests-frameworks-${CONFIGURATION}-input-files.xcfilelist",
			);
			name = "[CP] Embed Pods Frameworks";
			outputFileListPaths = (
				"${PODS_ROOT}/Target Support Files/Pods-GitHubReposList-GitHubReposListUITests/Pods-GitHubReposList-GitHubReposListUITests-frameworks-${CONFIGURATION}-output-files.xcfilelist",
			);
			runOnlyForDeploymentPostprocessing = 0;
			shellPath = /bin/sh;
			shellScript = "\"${PODS_ROOT}/Target Support Files/Pods-GitHubReposList-GitHubReposListUITests/Pods-GitHubReposList-GitHubReposListUITests-frameworks.sh\"\n";
			showEnvVarsInLog = 0;
		};
		3834B6B6AD89A2350D718D67 /* [CP] Check Pods Manifest.lock */ = {
			isa = PBXShellScriptBuildPhase;
			buildActionMask = 2147483647;
			files = (
			);
			inputFileListPaths = (
			);
			inputPaths = (
				"${PODS_PODFILE_DIR_PATH}/Podfile.lock",
				"${PODS_ROOT}/Manifest.lock",
			);
			name = "[CP] Check Pods Manifest.lock";
			outputFileListPaths = (
			);
			outputPaths = (
				"$(DERIVED_FILE_DIR)/Pods-GitHubReposList-GitHubReposListTests-checkManifestLockResult.txt",
			);
			runOnlyForDeploymentPostprocessing = 0;
			shellPath = /bin/sh;
			shellScript = "diff \"${PODS_PODFILE_DIR_PATH}/Podfile.lock\" \"${PODS_ROOT}/Manifest.lock\" > /dev/null\nif [ $? != 0 ] ; then\n    # print error to STDERR\n    echo \"error: The sandbox is not in sync with the Podfile.lock. Run 'pod install' or update your CocoaPods installation.\" >&2\n    exit 1\nfi\n# This output is used by Xcode 'outputs' to avoid re-running this script phase.\necho \"SUCCESS\" > \"${SCRIPT_OUTPUT_FILE_0}\"\n";
			showEnvVarsInLog = 0;
		};
		59DEE16F79835605F8ABD15A /* [CP] Check Pods Manifest.lock */ = {
			isa = PBXShellScriptBuildPhase;
			buildActionMask = 2147483647;
			files = (
			);
			inputFileListPaths = (
			);
			inputPaths = (
				"${PODS_PODFILE_DIR_PATH}/Podfile.lock",
				"${PODS_ROOT}/Manifest.lock",
			);
			name = "[CP] Check Pods Manifest.lock";
			outputFileListPaths = (
			);
			outputPaths = (
				"$(DERIVED_FILE_DIR)/Pods-GitHubReposList-checkManifestLockResult.txt",
			);
			runOnlyForDeploymentPostprocessing = 0;
			shellPath = /bin/sh;
			shellScript = "diff \"${PODS_PODFILE_DIR_PATH}/Podfile.lock\" \"${PODS_ROOT}/Manifest.lock\" > /dev/null\nif [ $? != 0 ] ; then\n    # print error to STDERR\n    echo \"error: The sandbox is not in sync with the Podfile.lock. Run 'pod install' or update your CocoaPods installation.\" >&2\n    exit 1\nfi\n# This output is used by Xcode 'outputs' to avoid re-running this script phase.\necho \"SUCCESS\" > \"${SCRIPT_OUTPUT_FILE_0}\"\n";
			showEnvVarsInLog = 0;
		};
		D91779A245493C7F33783E82 /* [CP] Check Pods Manifest.lock */ = {
			isa = PBXShellScriptBuildPhase;
			buildActionMask = 2147483647;
			files = (
			);
			inputFileListPaths = (
			);
			inputPaths = (
				"${PODS_PODFILE_DIR_PATH}/Podfile.lock",
				"${PODS_ROOT}/Manifest.lock",
			);
			name = "[CP] Check Pods Manifest.lock";
			outputFileListPaths = (
			);
			outputPaths = (
				"$(DERIVED_FILE_DIR)/Pods-GitHubReposList-GitHubReposListUITests-checkManifestLockResult.txt",
			);
			runOnlyForDeploymentPostprocessing = 0;
			shellPath = /bin/sh;
			shellScript = "diff \"${PODS_PODFILE_DIR_PATH}/Podfile.lock\" \"${PODS_ROOT}/Manifest.lock\" > /dev/null\nif [ $? != 0 ] ; then\n    # print error to STDERR\n    echo \"error: The sandbox is not in sync with the Podfile.lock. Run 'pod install' or update your CocoaPods installation.\" >&2\n    exit 1\nfi\n# This output is used by Xcode 'outputs' to avoid re-running this script phase.\necho \"SUCCESS\" > \"${SCRIPT_OUTPUT_FILE_0}\"\n";
			showEnvVarsInLog = 0;
		};
		F2F8F58B40B78ECFD0BF304B /* [CP] Embed Pods Frameworks */ = {
			isa = PBXShellScriptBuildPhase;
			buildActionMask = 2147483647;
			files = (
			);
			inputFileListPaths = (
				"${PODS_ROOT}/Target Support Files/Pods-GitHubReposList-GitHubReposListTests/Pods-GitHubReposList-GitHubReposListTests-frameworks-${CONFIGURATION}-input-files.xcfilelist",
			);
			name = "[CP] Embed Pods Frameworks";
			outputFileListPaths = (
				"${PODS_ROOT}/Target Support Files/Pods-GitHubReposList-GitHubReposListTests/Pods-GitHubReposList-GitHubReposListTests-frameworks-${CONFIGURATION}-output-files.xcfilelist",
			);
			runOnlyForDeploymentPostprocessing = 0;
			shellPath = /bin/sh;
			shellScript = "\"${PODS_ROOT}/Target Support Files/Pods-GitHubReposList-GitHubReposListTests/Pods-GitHubReposList-GitHubReposListTests-frameworks.sh\"\n";
			showEnvVarsInLog = 0;
		};
		FE3E9D50A126A544045E58A6 /* [CP] Embed Pods Frameworks */ = {
			isa = PBXShellScriptBuildPhase;
			buildActionMask = 2147483647;
			files = (
			);
			inputFileListPaths = (
				"${PODS_ROOT}/Target Support Files/Pods-GitHubReposList/Pods-GitHubReposList-frameworks-${CONFIGURATION}-input-files.xcfilelist",
			);
			name = "[CP] Embed Pods Frameworks";
			outputFileListPaths = (
				"${PODS_ROOT}/Target Support Files/Pods-GitHubReposList/Pods-GitHubReposList-frameworks-${CONFIGURATION}-output-files.xcfilelist",
			);
			runOnlyForDeploymentPostprocessing = 0;
			shellPath = /bin/sh;
			shellScript = "\"${PODS_ROOT}/Target Support Files/Pods-GitHubReposList/Pods-GitHubReposList-frameworks.sh\"\n";
			showEnvVarsInLog = 0;
		};
/* End PBXShellScriptBuildPhase section */

/* Begin PBXSourcesBuildPhase section */
		BE06420323FB3BA800115F79 /* Sources */ = {
			isa = PBXSourcesBuildPhase;
			buildActionMask = 2147483647;
			files = (
				BE06423F23FB410300115F79 /* Repos.swift in Sources */,
				BE06420F23FB3BA800115F79 /* ReposViewController.swift in Sources */,
				BE06424223FB5CF600115F79 /* ReposViewCell.swift in Sources */,
				BE06423C23FB3F1600115F79 /* ReposModel.swift in Sources */,
				BE06420B23FB3BA800115F79 /* AppDelegate.swift in Sources */,
				BE06424423FB5D7800115F79 /* ReposView.swift in Sources */,
				BE06424623FC0E1B00115F79 /* LoadingViewCell.swift in Sources */,
				BE06420D23FB3BA800115F79 /* SceneDelegate.swift in Sources */,
				BE4357AA23FE132F0091440D /* Const.swift in Sources */,
			);
			runOnlyForDeploymentPostprocessing = 0;
		};
		BE06421923FB3BAA00115F79 /* Sources */ = {
			isa = PBXSourcesBuildPhase;
			buildActionMask = 2147483647;
			files = (
				BE06422223FB3BAA00115F79 /* GitHubReposListTests.swift in Sources */,
			);
			runOnlyForDeploymentPostprocessing = 0;
		};
		BE06422423FB3BAA00115F79 /* Sources */ = {
			isa = PBXSourcesBuildPhase;
			buildActionMask = 2147483647;
			files = (
				BE06422D23FB3BAA00115F79 /* GitHubReposListUITests.swift in Sources */,
			);
			runOnlyForDeploymentPostprocessing = 0;
		};
/* End PBXSourcesBuildPhase section */

/* Begin PBXTargetDependency section */
		BE06421F23FB3BAA00115F79 /* PBXTargetDependency */ = {
			isa = PBXTargetDependency;
			target = BE06420623FB3BA800115F79 /* GitHubReposList */;
			targetProxy = BE06421E23FB3BAA00115F79 /* PBXContainerItemProxy */;
		};
		BE06422A23FB3BAA00115F79 /* PBXTargetDependency */ = {
			isa = PBXTargetDependency;
			target = BE06420623FB3BA800115F79 /* GitHubReposList */;
			targetProxy = BE06422923FB3BAA00115F79 /* PBXContainerItemProxy */;
		};
/* End PBXTargetDependency section */

/* Begin PBXVariantGroup section */
		BE06421023FB3BA800115F79 /* Main.storyboard */ = {
			isa = PBXVariantGroup;
			children = (
				BE06421123FB3BA800115F79 /* Base */,
			);
			name = Main.storyboard;
			sourceTree = "<group>";
		};
		BE06421523FB3BAA00115F79 /* LaunchScreen.storyboard */ = {
			isa = PBXVariantGroup;
			children = (
				BE06421623FB3BAA00115F79 /* Base */,
			);
			name = LaunchScreen.storyboard;
			sourceTree = "<group>";
		};
		BE4357AF23FE16A10091440D /* Localizable.strings */ = {
			isa = PBXVariantGroup;
			children = (
				BE4357AE23FE16A10091440D /* en */,
			);
			name = Localizable.strings;
			sourceTree = "<group>";
		};
/* End PBXVariantGroup section */

/* Begin XCBuildConfiguration section */
		BE06422F23FB3BAA00115F79 /* Debug */ = {
			isa = XCBuildConfiguration;
			buildSettings = {
				ALWAYS_SEARCH_USER_PATHS = NO;
				CLANG_ANALYZER_NONNULL = YES;
				CLANG_ANALYZER_NUMBER_OBJECT_CONVERSION = YES_AGGRESSIVE;
				CLANG_CXX_LANGUAGE_STANDARD = "gnu++14";
				CLANG_CXX_LIBRARY = "libc++";
				CLANG_ENABLE_MODULES = YES;
				CLANG_ENABLE_OBJC_ARC = YES;
				CLANG_ENABLE_OBJC_WEAK = YES;
				CLANG_WARN_BLOCK_CAPTURE_AUTORELEASING = YES;
				CLANG_WARN_BOOL_CONVERSION = YES;
				CLANG_WARN_COMMA = YES;
				CLANG_WARN_CONSTANT_CONVERSION = YES;
				CLANG_WARN_DEPRECATED_OBJC_IMPLEMENTATIONS = YES;
				CLANG_WARN_DIRECT_OBJC_ISA_USAGE = YES_ERROR;
				CLANG_WARN_DOCUMENTATION_COMMENTS = YES;
				CLANG_WARN_EMPTY_BODY = YES;
				CLANG_WARN_ENUM_CONVERSION = YES;
				CLANG_WARN_INFINITE_RECURSION = YES;
				CLANG_WARN_INT_CONVERSION = YES;
				CLANG_WARN_NON_LITERAL_NULL_CONVERSION = YES;
				CLANG_WARN_OBJC_IMPLICIT_RETAIN_SELF = YES;
				CLANG_WARN_OBJC_LITERAL_CONVERSION = YES;
				CLANG_WARN_OBJC_ROOT_CLASS = YES_ERROR;
				CLANG_WARN_RANGE_LOOP_ANALYSIS = YES;
				CLANG_WARN_STRICT_PROTOTYPES = YES;
				CLANG_WARN_SUSPICIOUS_MOVE = YES;
				CLANG_WARN_UNGUARDED_AVAILABILITY = YES_AGGRESSIVE;
				CLANG_WARN_UNREACHABLE_CODE = YES;
				CLANG_WARN__DUPLICATE_METHOD_MATCH = YES;
				COPY_PHASE_STRIP = NO;
				DEBUG_INFORMATION_FORMAT = dwarf;
				ENABLE_STRICT_OBJC_MSGSEND = YES;
				ENABLE_TESTABILITY = YES;
				GCC_C_LANGUAGE_STANDARD = gnu11;
				GCC_DYNAMIC_NO_PIC = NO;
				GCC_NO_COMMON_BLOCKS = YES;
				GCC_OPTIMIZATION_LEVEL = 0;
				GCC_PREPROCESSOR_DEFINITIONS = (
					"DEBUG=1",
					"$(inherited)",
				);
				GCC_WARN_64_TO_32_BIT_CONVERSION = YES;
				GCC_WARN_ABOUT_RETURN_TYPE = YES_ERROR;
				GCC_WARN_UNDECLARED_SELECTOR = YES;
				GCC_WARN_UNINITIALIZED_AUTOS = YES_AGGRESSIVE;
				GCC_WARN_UNUSED_FUNCTION = YES;
				GCC_WARN_UNUSED_VARIABLE = YES;
				IPHONEOS_DEPLOYMENT_TARGET = 13.2;
				MTL_ENABLE_DEBUG_INFO = INCLUDE_SOURCE;
				MTL_FAST_MATH = YES;
				ONLY_ACTIVE_ARCH = YES;
				SDKROOT = iphoneos;
				SWIFT_ACTIVE_COMPILATION_CONDITIONS = DEBUG;
				SWIFT_OPTIMIZATION_LEVEL = "-Onone";
			};
			name = Debug;
		};
		BE06423023FB3BAA00115F79 /* Release */ = {
			isa = XCBuildConfiguration;
			buildSettings = {
				ALWAYS_SEARCH_USER_PATHS = NO;
				CLANG_ANALYZER_NONNULL = YES;
				CLANG_ANALYZER_NUMBER_OBJECT_CONVERSION = YES_AGGRESSIVE;
				CLANG_CXX_LANGUAGE_STANDARD = "gnu++14";
				CLANG_CXX_LIBRARY = "libc++";
				CLANG_ENABLE_MODULES = YES;
				CLANG_ENABLE_OBJC_ARC = YES;
				CLANG_ENABLE_OBJC_WEAK = YES;
				CLANG_WARN_BLOCK_CAPTURE_AUTORELEASING = YES;
				CLANG_WARN_BOOL_CONVERSION = YES;
				CLANG_WARN_COMMA = YES;
				CLANG_WARN_CONSTANT_CONVERSION = YES;
				CLANG_WARN_DEPRECATED_OBJC_IMPLEMENTATIONS = YES;
				CLANG_WARN_DIRECT_OBJC_ISA_USAGE = YES_ERROR;
				CLANG_WARN_DOCUMENTATION_COMMENTS = YES;
				CLANG_WARN_EMPTY_BODY = YES;
				CLANG_WARN_ENUM_CONVERSION = YES;
				CLANG_WARN_INFINITE_RECURSION = YES;
				CLANG_WARN_INT_CONVERSION = YES;
				CLANG_WARN_NON_LITERAL_NULL_CONVERSION = YES;
				CLANG_WARN_OBJC_IMPLICIT_RETAIN_SELF = YES;
				CLANG_WARN_OBJC_LITERAL_CONVERSION = YES;
				CLANG_WARN_OBJC_ROOT_CLASS = YES_ERROR;
				CLANG_WARN_RANGE_LOOP_ANALYSIS = YES;
				CLANG_WARN_STRICT_PROTOTYPES = YES;
				CLANG_WARN_SUSPICIOUS_MOVE = YES;
				CLANG_WARN_UNGUARDED_AVAILABILITY = YES_AGGRESSIVE;
				CLANG_WARN_UNREACHABLE_CODE = YES;
				CLANG_WARN__DUPLICATE_METHOD_MATCH = YES;
				COPY_PHASE_STRIP = NO;
				DEBUG_INFORMATION_FORMAT = "dwarf-with-dsym";
				ENABLE_NS_ASSERTIONS = NO;
				ENABLE_STRICT_OBJC_MSGSEND = YES;
				GCC_C_LANGUAGE_STANDARD = gnu11;
				GCC_NO_COMMON_BLOCKS = YES;
				GCC_WARN_64_TO_32_BIT_CONVERSION = YES;
				GCC_WARN_ABOUT_RETURN_TYPE = YES_ERROR;
				GCC_WARN_UNDECLARED_SELECTOR = YES;
				GCC_WARN_UNINITIALIZED_AUTOS = YES_AGGRESSIVE;
				GCC_WARN_UNUSED_FUNCTION = YES;
				GCC_WARN_UNUSED_VARIABLE = YES;
				IPHONEOS_DEPLOYMENT_TARGET = 13.2;
				MTL_ENABLE_DEBUG_INFO = NO;
				MTL_FAST_MATH = YES;
				SDKROOT = iphoneos;
				SWIFT_COMPILATION_MODE = wholemodule;
				SWIFT_OPTIMIZATION_LEVEL = "-O";
				VALIDATE_PRODUCT = YES;
			};
			name = Release;
		};
		BE06423223FB3BAA00115F79 /* Debug */ = {
			isa = XCBuildConfiguration;
			baseConfigurationReference = BA7F53D4E333FD39EBB59A16 /* Pods-GitHubReposList.debug.xcconfig */;
			buildSettings = {
				ASSETCATALOG_COMPILER_APPICON_NAME = AppIcon;
				CODE_SIGN_STYLE = Manual;
				DEVELOPMENT_TEAM = "";
				INFOPLIST_FILE = GitHubReposList/Info.plist;
				LD_RUNPATH_SEARCH_PATHS = (
					"$(inherited)",
					"@executable_path/Frameworks",
				);
				PRODUCT_BUNDLE_IDENTIFIER = br.com.zenha.GitHubReposList;
				PRODUCT_NAME = "$(TARGET_NAME)";
				PROVISIONING_PROFILE_SPECIFIER = "";
				SWIFT_VERSION = 5.0;
				TARGETED_DEVICE_FAMILY = "1,2";
			};
			name = Debug;
		};
		BE06423323FB3BAA00115F79 /* Release */ = {
			isa = XCBuildConfiguration;
			baseConfigurationReference = 081C642A364E7A746904CAE5 /* Pods-GitHubReposList.release.xcconfig */;
			buildSettings = {
				ASSETCATALOG_COMPILER_APPICON_NAME = AppIcon;
				CODE_SIGN_STYLE = Manual;
				DEVELOPMENT_TEAM = "";
				INFOPLIST_FILE = GitHubReposList/Info.plist;
				LD_RUNPATH_SEARCH_PATHS = (
					"$(inherited)",
					"@executable_path/Frameworks",
				);
				PRODUCT_BUNDLE_IDENTIFIER = br.com.zenha.GitHubReposList;
				PRODUCT_NAME = "$(TARGET_NAME)";
				PROVISIONING_PROFILE_SPECIFIER = "";
				SWIFT_VERSION = 5.0;
				TARGETED_DEVICE_FAMILY = "1,2";
			};
			name = Release;
		};
		BE06423523FB3BAA00115F79 /* Debug */ = {
			isa = XCBuildConfiguration;
			baseConfigurationReference = 0DBDB2234F830256FC8B7288 /* Pods-GitHubReposList-GitHubReposListTests.debug.xcconfig */;
			buildSettings = {
				ALWAYS_EMBED_SWIFT_STANDARD_LIBRARIES = YES;
				BUNDLE_LOADER = "$(TEST_HOST)";
				CODE_SIGN_STYLE = Automatic;
				INFOPLIST_FILE = GitHubReposListTests/Info.plist;
				IPHONEOS_DEPLOYMENT_TARGET = 13.2;
				LD_RUNPATH_SEARCH_PATHS = (
					"$(inherited)",
					"@executable_path/Frameworks",
					"@loader_path/Frameworks",
				);
				PRODUCT_BUNDLE_IDENTIFIER = br.com.zenha.GitHubReposListTests;
				PRODUCT_NAME = "$(TARGET_NAME)";
				SWIFT_VERSION = 5.0;
				TARGETED_DEVICE_FAMILY = "1,2";
				TEST_HOST = "$(BUILT_PRODUCTS_DIR)/GitHubReposList.app/GitHubReposList";
			};
			name = Debug;
		};
		BE06423623FB3BAA00115F79 /* Release */ = {
			isa = XCBuildConfiguration;
			baseConfigurationReference = 4E8F60A9F5B4281E7889A834 /* Pods-GitHubReposList-GitHubReposListTests.release.xcconfig */;
			buildSettings = {
				ALWAYS_EMBED_SWIFT_STANDARD_LIBRARIES = YES;
				BUNDLE_LOADER = "$(TEST_HOST)";
				CODE_SIGN_STYLE = Automatic;
				INFOPLIST_FILE = GitHubReposListTests/Info.plist;
				IPHONEOS_DEPLOYMENT_TARGET = 13.2;
				LD_RUNPATH_SEARCH_PATHS = (
					"$(inherited)",
					"@executable_path/Frameworks",
					"@loader_path/Frameworks",
				);
				PRODUCT_BUNDLE_IDENTIFIER = br.com.zenha.GitHubReposListTests;
				PRODUCT_NAME = "$(TARGET_NAME)";
				SWIFT_VERSION = 5.0;
				TARGETED_DEVICE_FAMILY = "1,2";
				TEST_HOST = "$(BUILT_PRODUCTS_DIR)/GitHubReposList.app/GitHubReposList";
			};
			name = Release;
		};
		BE06423823FB3BAA00115F79 /* Debug */ = {
			isa = XCBuildConfiguration;
			baseConfigurationReference = F9C2DA57ECC0CB54B3EF1AFC /* Pods-GitHubReposList-GitHubReposListUITests.debug.xcconfig */;
			buildSettings = {
				ALWAYS_EMBED_SWIFT_STANDARD_LIBRARIES = YES;
				CODE_SIGN_STYLE = Automatic;
				INFOPLIST_FILE = GitHubReposListUITests/Info.plist;
				LD_RUNPATH_SEARCH_PATHS = (
					"$(inherited)",
					"@executable_path/Frameworks",
					"@loader_path/Frameworks",
				);
				PRODUCT_BUNDLE_IDENTIFIER = br.com.zenha.GitHubReposListUITests;
				PRODUCT_NAME = "$(TARGET_NAME)";
				SWIFT_VERSION = 5.0;
				TARGETED_DEVICE_FAMILY = "1,2";
				TEST_TARGET_NAME = GitHubReposList;
			};
			name = Debug;
		};
		BE06423923FB3BAA00115F79 /* Release */ = {
			isa = XCBuildConfiguration;
			baseConfigurationReference = E2CF11D2069D2C43A28AF712 /* Pods-GitHubReposList-GitHubReposListUITests.release.xcconfig */;
			buildSettings = {
				ALWAYS_EMBED_SWIFT_STANDARD_LIBRARIES = YES;
				CODE_SIGN_STYLE = Automatic;
				INFOPLIST_FILE = GitHubReposListUITests/Info.plist;
				LD_RUNPATH_SEARCH_PATHS = (
					"$(inherited)",
					"@executable_path/Frameworks",
					"@loader_path/Frameworks",
				);
				PRODUCT_BUNDLE_IDENTIFIER = br.com.zenha.GitHubReposListUITests;
				PRODUCT_NAME = "$(TARGET_NAME)";
				SWIFT_VERSION = 5.0;
				TARGETED_DEVICE_FAMILY = "1,2";
				TEST_TARGET_NAME = GitHubReposList;
			};
			name = Release;
		};
/* End XCBuildConfiguration section */

/* Begin XCConfigurationList section */
		BE06420223FB3BA800115F79 /* Build configuration list for PBXProject "GitHubReposList" */ = {
			isa = XCConfigurationList;
			buildConfigurations = (
				BE06422F23FB3BAA00115F79 /* Debug */,
				BE06423023FB3BAA00115F79 /* Release */,
			);
			defaultConfigurationIsVisible = 0;
			defaultConfigurationName = Release;
		};
		BE06423123FB3BAA00115F79 /* Build configuration list for PBXNativeTarget "GitHubReposList" */ = {
			isa = XCConfigurationList;
			buildConfigurations = (
				BE06423223FB3BAA00115F79 /* Debug */,
				BE06423323FB3BAA00115F79 /* Release */,
			);
			defaultConfigurationIsVisible = 0;
			defaultConfigurationName = Release;
		};
		BE06423423FB3BAA00115F79 /* Build configuration list for PBXNativeTarget "GitHubReposListTests" */ = {
			isa = XCConfigurationList;
			buildConfigurations = (
				BE06423523FB3BAA00115F79 /* Debug */,
				BE06423623FB3BAA00115F79 /* Release */,
			);
			defaultConfigurationIsVisible = 0;
			defaultConfigurationName = Release;
		};
		BE06423723FB3BAA00115F79 /* Build configuration list for PBXNativeTarget "GitHubReposListUITests" */ = {
			isa = XCConfigurationList;
			buildConfigurations = (
				BE06423823FB3BAA00115F79 /* Debug */,
				BE06423923FB3BAA00115F79 /* Release */,
			);
			defaultConfigurationIsVisible = 0;
			defaultConfigurationName = Release;
		};
/* End XCConfigurationList section */
	};
	rootObject = BE0641FF23FB3BA800115F79 /* Project object */;
}
